
Microsoft Visual Studio Solution File, Format Version 12.00
# Visual Studio Version 16
VisualStudioVersion = 16.0.31410.357
MinimumVisualStudioVersion = 10.0.40219.1
Project("{9A19103F-16F7-4668-BE54-9A1E7A4F7556}") = "AdvertApi", "AdvertApi.csproj", "{CAA1A97C-F61C-4D9D-A1D8-60BC80205FBD}"
EndProject
Project("{FAE04EC0-301F-11D3-BF4B-00C04F79EFBC}") = "AdvertApi.Models", "..\AdvertApi.Models\AdvertApi.Models.csproj", "{52A83DBD-92B0-4E90-B6D0-CA0ADD143894}"
EndProject
Global
	GlobalSection(SolutionConfigurationPlatforms) = preSolution
		Debug|Any CPU = Debug|Any CPU
		Release|Any CPU = Release|Any CPU
	EndGlobalSection
	GlobalSection(ProjectConfigurationPlatforms) = postSolution
		{CAA1A97C-F61C-4D9D-A1D8-60BC80205FBD}.Debug|Any CPU.ActiveCfg = Debug|Any CPU
		{CAA1A97C-F61C-4D9D-A1D8-60BC80205FBD}.Debug|Any CPU.Build.0 = Debug|Any CPU
		{CAA1A97C-F61C-4D9D-A1D8-60BC80205FBD}.Release|Any CPU.ActiveCfg = Release|Any CPU
		{CAA1A97C-F61C-4D9D-A1D8-60BC80205FBD}.Release|Any CPU.Build.0 = Release|Any CPU
		{52A83DBD-92B0-4E90-B6D0-CA0ADD143894}.Debug|Any CPU.ActiveCfg = Debug|Any CPU
		{52A83DBD-92B0-4E90-B6D0-CA0ADD143894}.Debug|Any CPU.Build.0 = Debug|Any CPU
		{52A83DBD-92B0-4E90-B6D0-CA0ADD143894}.Release|Any CPU.ActiveCfg = Release|Any CPU
		{52A83DBD-92B0-4E90-B6D0-CA0ADD143894}.Release|Any CPU.Build.0 = Release|Any CPU
	EndGlobalSection
	GlobalSection(SolutionProperties) = preSolution
		HideSolutionNode = FALSE
	EndGlobalSection
	GlobalSection(ExtensibilityGlobals) = postSolution
		SolutionGuid = {C8693BBE-E673-4F5F-BF18-ED076949AA9B}
	EndGlobalSection
EndGlobal
